
Microsoft Visual Studio Solution File, Format Version 12.00
# Visual Studio 15
VisualStudioVersion = 15.0.27703.2042
MinimumVisualStudioVersion = 10.0.40219.1
Project("{9A19103F-16F7-4668-BE54-9A1E7A4F7556}") = "pineapple-pizza", "pineapple-pizza.csproj", "{C96C5CE5-729C-4DFD-8750-DB075C163B7E}"
EndProject
Global
	GlobalSection(SolutionConfigurationPlatforms) = preSolution
		Debug|Any CPU = Debug|Any CPU
		Release|Any CPU = Release|Any CPU
	EndGlobalSection
	GlobalSection(ProjectConfigurationPlatforms) = postSolution
		{C96C5CE5-729C-4DFD-8750-DB075C163B7E}.Debug|Any CPU.ActiveCfg = Debug|Any CPU
		{C96C5CE5-729C-4DFD-8750-DB075C163B7E}.Debug|Any CPU.Build.0 = Debug|Any CPU
		{C96C5CE5-729C-4DFD-8750-DB075C163B7E}.Release|Any CPU.ActiveCfg = Release|Any CPU
		{C96C5CE5-729C-4DFD-8750-DB075C163B7E}.Release|Any CPU.Build.0 = Release|Any CPU
	EndGlobalSection
	GlobalSection(SolutionProperties) = preSolution
		HideSolutionNode = FALSE
	EndGlobalSection
	GlobalSection(ExtensibilityGlobals) = postSolution
		SolutionGuid = {23BD41C1-CC77-4B5D-82AD-E5F1F905A3A1}
	EndGlobalSection
EndGlobal
